
Microsoft Visual Studio Solution File, Format Version 12.00
# Visual Studio Version 16
VisualStudioVersion = 16.0.30114.105
MinimumVisualStudioVersion = 10.0.40219.1
Project("{2150E333-8FDC-42A3-9474-1A3956D46DE8}") = "src", "src", "{99FEAC13-AB78-45FA-82BB-5B3B65D2E879}"
EndProject
Project("{FAE04EC0-301F-11D3-BF4B-00C04F79EFBC}") = "ParkingSpotRS.API", "src\ParkingSpotRS.API\ParkingSpotRS.API.csproj", "{99A679FD-75C9-4BFC-960F-A0C5833F9BE3}"
EndProject
Project("{2150E333-8FDC-42A3-9474-1A3956D46DE8}") = "tests", "tests", "{4002800A-7965-4A43-9A84-1F376D8A9283}"
EndProject
Project("{FAE04EC0-301F-11D3-BF4B-00C04F79EFBC}") = "ParkingSpotRS.Tests.Unit", "tests\ParkingSpotRS.Tests.Unit\ParkingSpotRS.Tests.Unit.csproj", "{89E132F6-09C7-4EA3-AAA7-BD1DEF36B128}"
EndProject
Project("{FAE04EC0-301F-11D3-BF4B-00C04F79EFBC}") = "ParkingSpotRS.Core", "src\ParkingSpotRS.Core\ParkingSpotRS.Core.csproj", "{83C34FA5-E7DB-486B-8E1A-D9D7534E8EBD}"
EndProject
Project("{FAE04EC0-301F-11D3-BF4B-00C04F79EFBC}") = "ParkingSpotRS.Application", "src\ParkingSpotRS.Application\ParkingSpotRS.Application.csproj", "{12E6357D-8477-4D2F-BAE1-2C9E775849D9}"
EndProject
Project("{FAE04EC0-301F-11D3-BF4B-00C04F79EFBC}") = "ParkingSpotRS.Infrastructure", "src\ParkingSpotRS.Infrastructure\ParkingSpotRS.Infrastructure.csproj", "{AC4D8C5E-7CAC-4C7E-840F-F907350257A4}"
EndProject
Global
	GlobalSection(SolutionConfigurationPlatforms) = preSolution
		Debug|Any CPU = Debug|Any CPU
		Release|Any CPU = Release|Any CPU
	EndGlobalSection
	GlobalSection(SolutionProperties) = preSolution
		HideSolutionNode = FALSE
	EndGlobalSection
	GlobalSection(ProjectConfigurationPlatforms) = postSolution
		{99A679FD-75C9-4BFC-960F-A0C5833F9BE3}.Debug|Any CPU.ActiveCfg = Debug|Any CPU
		{99A679FD-75C9-4BFC-960F-A0C5833F9BE3}.Debug|Any CPU.Build.0 = Debug|Any CPU
		{99A679FD-75C9-4BFC-960F-A0C5833F9BE3}.Release|Any CPU.ActiveCfg = Release|Any CPU
		{99A679FD-75C9-4BFC-960F-A0C5833F9BE3}.Release|Any CPU.Build.0 = Release|Any CPU
		{89E132F6-09C7-4EA3-AAA7-BD1DEF36B128}.Debug|Any CPU.ActiveCfg = Debug|Any CPU
		{89E132F6-09C7-4EA3-AAA7-BD1DEF36B128}.Debug|Any CPU.Build.0 = Debug|Any CPU
		{89E132F6-09C7-4EA3-AAA7-BD1DEF36B128}.Release|Any CPU.ActiveCfg = Release|Any CPU
		{89E132F6-09C7-4EA3-AAA7-BD1DEF36B128}.Release|Any CPU.Build.0 = Release|Any CPU
		{83C34FA5-E7DB-486B-8E1A-D9D7534E8EBD}.Debug|Any CPU.ActiveCfg = Debug|Any CPU
		{83C34FA5-E7DB-486B-8E1A-D9D7534E8EBD}.Debug|Any CPU.Build.0 = Debug|Any CPU
		{83C34FA5-E7DB-486B-8E1A-D9D7534E8EBD}.Release|Any CPU.ActiveCfg = Release|Any CPU
		{83C34FA5-E7DB-486B-8E1A-D9D7534E8EBD}.Release|Any CPU.Build.0 = Release|Any CPU
		{12E6357D-8477-4D2F-BAE1-2C9E775849D9}.Debug|Any CPU.ActiveCfg = Debug|Any CPU
		{12E6357D-8477-4D2F-BAE1-2C9E775849D9}.Debug|Any CPU.Build.0 = Debug|Any CPU
		{12E6357D-8477-4D2F-BAE1-2C9E775849D9}.Release|Any CPU.ActiveCfg = Release|Any CPU
		{12E6357D-8477-4D2F-BAE1-2C9E775849D9}.Release|Any CPU.Build.0 = Release|Any CPU
		{AC4D8C5E-7CAC-4C7E-840F-F907350257A4}.Debug|Any CPU.ActiveCfg = Debug|Any CPU
		{AC4D8C5E-7CAC-4C7E-840F-F907350257A4}.Debug|Any CPU.Build.0 = Debug|Any CPU
		{AC4D8C5E-7CAC-4C7E-840F-F907350257A4}.Release|Any CPU.ActiveCfg = Release|Any CPU
		{AC4D8C5E-7CAC-4C7E-840F-F907350257A4}.Release|Any CPU.Build.0 = Release|Any CPU
	EndGlobalSection
	GlobalSection(NestedProjects) = preSolution
		{99A679FD-75C9-4BFC-960F-A0C5833F9BE3} = {99FEAC13-AB78-45FA-82BB-5B3B65D2E879}
		{89E132F6-09C7-4EA3-AAA7-BD1DEF36B128} = {4002800A-7965-4A43-9A84-1F376D8A9283}
		{83C34FA5-E7DB-486B-8E1A-D9D7534E8EBD} = {99FEAC13-AB78-45FA-82BB-5B3B65D2E879}
		{12E6357D-8477-4D2F-BAE1-2C9E775849D9} = {99FEAC13-AB78-45FA-82BB-5B3B65D2E879}
		{AC4D8C5E-7CAC-4C7E-840F-F907350257A4} = {99FEAC13-AB78-45FA-82BB-5B3B65D2E879}
	EndGlobalSection
EndGlobal
